
Microsoft Visual Studio Solution File, Format Version 12.00
# Visual Studio Version 17
VisualStudioVersion = 17.8.34408.163
MinimumVisualStudioVersion = 10.0.40219.1
Project("{FAE04EC0-301F-11D3-BF4B-00C04F79EFBC}") = "Challenge#2", "Challenge#2\Challenge#2.csproj", "{DC6EC93F-98FE-4245-9CC8-EDAB58ABDB05}"
EndProject
Global
	GlobalSection(SolutionConfigurationPlatforms) = preSolution
		Debug|Any CPU = Debug|Any CPU
		Release|Any CPU = Release|Any CPU
	EndGlobalSection
	GlobalSection(ProjectConfigurationPlatforms) = postSolution
		{DC6EC93F-98FE-4245-9CC8-EDAB58ABDB05}.Debug|Any CPU.ActiveCfg = Debug|Any CPU
		{DC6EC93F-98FE-4245-9CC8-EDAB58ABDB05}.Debug|Any CPU.Build.0 = Debug|Any CPU
		{DC6EC93F-98FE-4245-9CC8-EDAB58ABDB05}.Release|Any CPU.ActiveCfg = Release|Any CPU
		{DC6EC93F-98FE-4245-9CC8-EDAB58ABDB05}.Release|Any CPU.Build.0 = Release|Any CPU
	EndGlobalSection
	GlobalSection(SolutionProperties) = preSolution
		HideSolutionNode = FALSE
	EndGlobalSection
	GlobalSection(ExtensibilityGlobals) = postSolution
		SolutionGuid = {019B91AE-648B-4679-9157-E9C54BE4B998}
	EndGlobalSection
EndGlobal
