
Microsoft Visual Studio Solution File, Format Version 12.00
# Visual Studio Version 17
VisualStudioVersion = 17.9.34701.34
MinimumVisualStudioVersion = 10.0.40219.1
Project("{FAE04EC0-301F-11D3-BF4B-00C04F79EFBC}") = "LabWorkForm", "LabWorkForm\LabWorkForm.csproj", "{4A8DF7C8-E2C9-4A69-8CDE-464619E2EB1B}"
EndProject
Global
	GlobalSection(SolutionConfigurationPlatforms) = preSolution
		Debug|Any CPU = Debug|Any CPU
		Release|Any CPU = Release|Any CPU
	EndGlobalSection
	GlobalSection(ProjectConfigurationPlatforms) = postSolution
		{4A8DF7C8-E2C9-4A69-8CDE-464619E2EB1B}.Debug|Any CPU.ActiveCfg = Debug|Any CPU
		{4A8DF7C8-E2C9-4A69-8CDE-464619E2EB1B}.Debug|Any CPU.Build.0 = Debug|Any CPU
		{4A8DF7C8-E2C9-4A69-8CDE-464619E2EB1B}.Release|Any CPU.ActiveCfg = Release|Any CPU
		{4A8DF7C8-E2C9-4A69-8CDE-464619E2EB1B}.Release|Any CPU.Build.0 = Release|Any CPU
	EndGlobalSection
	GlobalSection(SolutionProperties) = preSolution
		HideSolutionNode = FALSE
	EndGlobalSection
	GlobalSection(ExtensibilityGlobals) = postSolution
		SolutionGuid = {F1ED226C-8363-46D8-A448-80D1E314890D}
	EndGlobalSection
EndGlobal
