
Microsoft Visual Studio Solution File, Format Version 12.00
# Visual Studio Version 17
VisualStudioVersion = 17.8.34408.163
MinimumVisualStudioVersion = 10.0.40219.1
Project("{FAE04EC0-301F-11D3-BF4B-00C04F79EFBC}") = "Task1a", "Task1a\Task1a.csproj", "{A61D491D-0F50-4545-A956-9F6849311E25}"
EndProject
Project("{FAE04EC0-301F-11D3-BF4B-00C04F79EFBC}") = "Task1b", "Task1b\Task1b.csproj", "{C6C50D81-519A-46B2-ABDB-5B46986E1AB4}"
EndProject
Global
	GlobalSection(SolutionConfigurationPlatforms) = preSolution
		Debug|Any CPU = Debug|Any CPU
		Release|Any CPU = Release|Any CPU
	EndGlobalSection
	GlobalSection(ProjectConfigurationPlatforms) = postSolution
		{A61D491D-0F50-4545-A956-9F6849311E25}.Debug|Any CPU.ActiveCfg = Debug|Any CPU
		{A61D491D-0F50-4545-A956-9F6849311E25}.Debug|Any CPU.Build.0 = Debug|Any CPU
		{A61D491D-0F50-4545-A956-9F6849311E25}.Release|Any CPU.ActiveCfg = Release|Any CPU
		{A61D491D-0F50-4545-A956-9F6849311E25}.Release|Any CPU.Build.0 = Release|Any CPU
		{C6C50D81-519A-46B2-ABDB-5B46986E1AB4}.Debug|Any CPU.ActiveCfg = Debug|Any CPU
		{C6C50D81-519A-46B2-ABDB-5B46986E1AB4}.Debug|Any CPU.Build.0 = Debug|Any CPU
		{C6C50D81-519A-46B2-ABDB-5B46986E1AB4}.Release|Any CPU.ActiveCfg = Release|Any CPU
		{C6C50D81-519A-46B2-ABDB-5B46986E1AB4}.Release|Any CPU.Build.0 = Release|Any CPU
	EndGlobalSection
	GlobalSection(SolutionProperties) = preSolution
		HideSolutionNode = FALSE
	EndGlobalSection
	GlobalSection(ExtensibilityGlobals) = postSolution
		SolutionGuid = {7DA8C8D9-C469-4309-8E1C-0CB4340C9B0F}
	EndGlobalSection
EndGlobal
