
Microsoft Visual Studio Solution File, Format Version 12.00
# Visual Studio Version 17
VisualStudioVersion = 17.9.34701.34
MinimumVisualStudioVersion = 10.0.40219.1
Project("{FAE04EC0-301F-11D3-BF4B-00C04F79EFBC}") = "MyLibrary", "MyLibrary\MyLibrary.csproj", "{DB314A5E-D8A2-48A6-8C3F-EF26938D6BA5}"
EndProject
Global
	GlobalSection(SolutionConfigurationPlatforms) = preSolution
		Debug|Any CPU = Debug|Any CPU
		Release|Any CPU = Release|Any CPU
	EndGlobalSection
	GlobalSection(ProjectConfigurationPlatforms) = postSolution
		{DB314A5E-D8A2-48A6-8C3F-EF26938D6BA5}.Debug|Any CPU.ActiveCfg = Debug|Any CPU
		{DB314A5E-D8A2-48A6-8C3F-EF26938D6BA5}.Debug|Any CPU.Build.0 = Debug|Any CPU
		{DB314A5E-D8A2-48A6-8C3F-EF26938D6BA5}.Release|Any CPU.ActiveCfg = Release|Any CPU
		{DB314A5E-D8A2-48A6-8C3F-EF26938D6BA5}.Release|Any CPU.Build.0 = Release|Any CPU
	EndGlobalSection
	GlobalSection(SolutionProperties) = preSolution
		HideSolutionNode = FALSE
	EndGlobalSection
	GlobalSection(ExtensibilityGlobals) = postSolution
		SolutionGuid = {ADDCC522-BB02-477E-9C00-F2CF4FE92971}
	EndGlobalSection
EndGlobal
