
Microsoft Visual Studio Solution File, Format Version 12.00
# Visual Studio Version 17
VisualStudioVersion = 17.9.34701.34
MinimumVisualStudioVersion = 10.0.40219.1
Project("{FAE04EC0-301F-11D3-BF4B-00C04F79EFBC}") = "SignInUp", "SignInUp\SignInUp.csproj", "{5C8B2AF2-3124-49A5-9831-9ED223C60BE4}"
EndProject
Global
	GlobalSection(SolutionConfigurationPlatforms) = preSolution
		Debug|Any CPU = Debug|Any CPU
		Release|Any CPU = Release|Any CPU
	EndGlobalSection
	GlobalSection(ProjectConfigurationPlatforms) = postSolution
		{5C8B2AF2-3124-49A5-9831-9ED223C60BE4}.Debug|Any CPU.ActiveCfg = Debug|Any CPU
		{5C8B2AF2-3124-49A5-9831-9ED223C60BE4}.Debug|Any CPU.Build.0 = Debug|Any CPU
		{5C8B2AF2-3124-49A5-9831-9ED223C60BE4}.Release|Any CPU.ActiveCfg = Release|Any CPU
		{5C8B2AF2-3124-49A5-9831-9ED223C60BE4}.Release|Any CPU.Build.0 = Release|Any CPU
	EndGlobalSection
	GlobalSection(SolutionProperties) = preSolution
		HideSolutionNode = FALSE
	EndGlobalSection
	GlobalSection(ExtensibilityGlobals) = postSolution
		SolutionGuid = {40E58C73-8BF4-4DA6-8630-8A53A91A9755}
	EndGlobalSection
EndGlobal
