
Microsoft Visual Studio Solution File, Format Version 12.00
# Visual Studio Version 17
VisualStudioVersion = 17.8.34408.163
MinimumVisualStudioVersion = 10.0.40219.1
Project("{FAE04EC0-301F-11D3-BF4B-00C04F79EFBC}") = "Task1a(Calculator)", "Task1a(Calculator)\Task1a(Calculator).csproj", "{F8FF63C5-5713-41C8-9C22-4AB0EC68975C}"
EndProject
Global
	GlobalSection(SolutionConfigurationPlatforms) = preSolution
		Debug|Any CPU = Debug|Any CPU
		Release|Any CPU = Release|Any CPU
	EndGlobalSection
	GlobalSection(ProjectConfigurationPlatforms) = postSolution
		{F8FF63C5-5713-41C8-9C22-4AB0EC68975C}.Debug|Any CPU.ActiveCfg = Debug|Any CPU
		{F8FF63C5-5713-41C8-9C22-4AB0EC68975C}.Debug|Any CPU.Build.0 = Debug|Any CPU
		{F8FF63C5-5713-41C8-9C22-4AB0EC68975C}.Release|Any CPU.ActiveCfg = Release|Any CPU
		{F8FF63C5-5713-41C8-9C22-4AB0EC68975C}.Release|Any CPU.Build.0 = Release|Any CPU
	EndGlobalSection
	GlobalSection(SolutionProperties) = preSolution
		HideSolutionNode = FALSE
	EndGlobalSection
	GlobalSection(ExtensibilityGlobals) = postSolution
		SolutionGuid = {43561921-804B-4553-B323-B5A7BD24574B}
	EndGlobalSection
EndGlobal
